
Microsoft Visual Studio Solution File, Format Version 12.00
# Visual Studio Version 16
VisualStudioVersion = 16.0.31205.134
MinimumVisualStudioVersion = 10.0.40219.1
Project("{8BC9CEB8-8B4A-11D0-8D11-00A0C91BC942}") = "Cinema1", "Cinema1\Cinema1.vcxproj", "{DC5FE06E-8EEF-4450-91A8-341044E895A1}"
EndProject
Global
	GlobalSection(SolutionConfigurationPlatforms) = preSolution
		Debug|x64 = Debug|x64
		Debug|x86 = Debug|x86
		Release|x64 = Release|x64
		Release|x86 = Release|x86
	EndGlobalSection
	GlobalSection(ProjectConfigurationPlatforms) = postSolution
		{DC5FE06E-8EEF-4450-91A8-341044E895A1}.Debug|x64.ActiveCfg = Debug|x64
		{DC5FE06E-8EEF-4450-91A8-341044E895A1}.Debug|x64.Build.0 = Debug|x64
		{DC5FE06E-8EEF-4450-91A8-341044E895A1}.Debug|x86.ActiveCfg = Debug|Win32
		{DC5FE06E-8EEF-4450-91A8-341044E895A1}.Debug|x86.Build.0 = Debug|Win32
		{DC5FE06E-8EEF-4450-91A8-341044E895A1}.Release|x64.ActiveCfg = Release|x64
		{DC5FE06E-8EEF-4450-91A8-341044E895A1}.Release|x64.Build.0 = Release|x64
		{DC5FE06E-8EEF-4450-91A8-341044E895A1}.Release|x86.ActiveCfg = Release|Win32
		{DC5FE06E-8EEF-4450-91A8-341044E895A1}.Release|x86.Build.0 = Release|Win32
	EndGlobalSection
	GlobalSection(SolutionProperties) = preSolution
		HideSolutionNode = FALSE
	EndGlobalSection
	GlobalSection(ExtensibilityGlobals) = postSolution
		SolutionGuid = {4F8E5EBF-92DE-4FD5-894C-FEAC63CC22BB}
	EndGlobalSection
EndGlobal
